
Microsoft Visual Studio Solution File, Format Version 10.00
# Visual Studio 2008
Project("{FAE04EC0-301F-11D3-BF4B-00C04F79EFBC}") = "ActivePanel", "ActivePanel.csproj", "{B921B7F2-2C31-4007-BEC1-C30A2F162481}"
EndProject
Global
	GlobalSection(SolutionConfigurationPlatforms) = preSolution
		Debug|Any CPU = Debug|Any CPU
		Release|Any CPU = Release|Any CPU
	EndGlobalSection
	GlobalSection(ProjectConfigurationPlatforms) = postSolution
		{B921B7F2-2C31-4007-BEC1-C30A2F162481}.Debug|Any CPU.ActiveCfg = Debug|Any CPU
		{B921B7F2-2C31-4007-BEC1-C30A2F162481}.Debug|Any CPU.Build.0 = Debug|Any CPU
		{B921B7F2-2C31-4007-BEC1-C30A2F162481}.Release|Any CPU.ActiveCfg = Release|Any CPU
		{B921B7F2-2C31-4007-BEC1-C30A2F162481}.Release|Any CPU.Build.0 = Release|Any CPU
	EndGlobalSection
	GlobalSection(SolutionProperties) = preSolution
		HideSolutionNode = FALSE
	EndGlobalSection
EndGlobal
