
Microsoft Visual Studio Solution File, Format Version 10.00
# Visual Studio 2008
Project("{FAE04EC0-301F-11D3-BF4B-00C04F79EFBC}") = "ArrayProject", "ArrayProject.csproj", "{89ECA192-803A-482F-A98E-9A4CCAE9A668}"
EndProject
Global
	GlobalSection(SolutionConfigurationPlatforms) = preSolution
		Debug|Any CPU = Debug|Any CPU
		Release|Any CPU = Release|Any CPU
	EndGlobalSection
	GlobalSection(ProjectConfigurationPlatforms) = postSolution
		{89ECA192-803A-482F-A98E-9A4CCAE9A668}.Debug|Any CPU.ActiveCfg = Debug|Any CPU
		{89ECA192-803A-482F-A98E-9A4CCAE9A668}.Debug|Any CPU.Build.0 = Debug|Any CPU
		{89ECA192-803A-482F-A98E-9A4CCAE9A668}.Release|Any CPU.ActiveCfg = Release|Any CPU
		{89ECA192-803A-482F-A98E-9A4CCAE9A668}.Release|Any CPU.Build.0 = Release|Any CPU
	EndGlobalSection
	GlobalSection(SolutionProperties) = preSolution
		HideSolutionNode = FALSE
	EndGlobalSection
EndGlobal
