
Microsoft Visual Studio Solution File, Format Version 10.00
# Visual Studio 2008
Project("{FAE04EC0-301F-11D3-BF4B-00C04F79EFBC}") = "HeaparEssential", "HeaparEssential.csproj", "{92F94EA0-9910-4895-B8A1-FED1543A9DA1}"
EndProject
Project("{FAE04EC0-301F-11D3-BF4B-00C04F79EFBC}") = "TabManager", "Test\TabManager\TabManager.csproj", "{1EB6B79E-D12E-4650-A486-4D8F66F090AB}"
EndProject
Global
	GlobalSection(SolutionConfigurationPlatforms) = preSolution
		Debug|Any CPU = Debug|Any CPU
		Release|Any CPU = Release|Any CPU
	EndGlobalSection
	GlobalSection(ProjectConfigurationPlatforms) = postSolution
		{92F94EA0-9910-4895-B8A1-FED1543A9DA1}.Debug|Any CPU.ActiveCfg = Debug|Any CPU
		{92F94EA0-9910-4895-B8A1-FED1543A9DA1}.Debug|Any CPU.Build.0 = Debug|Any CPU
		{92F94EA0-9910-4895-B8A1-FED1543A9DA1}.Release|Any CPU.ActiveCfg = Release|Any CPU
		{92F94EA0-9910-4895-B8A1-FED1543A9DA1}.Release|Any CPU.Build.0 = Release|Any CPU
		{1EB6B79E-D12E-4650-A486-4D8F66F090AB}.Debug|Any CPU.ActiveCfg = Debug|Any CPU
		{1EB6B79E-D12E-4650-A486-4D8F66F090AB}.Debug|Any CPU.Build.0 = Debug|Any CPU
		{1EB6B79E-D12E-4650-A486-4D8F66F090AB}.Release|Any CPU.ActiveCfg = Release|Any CPU
		{1EB6B79E-D12E-4650-A486-4D8F66F090AB}.Release|Any CPU.Build.0 = Release|Any CPU
	EndGlobalSection
	GlobalSection(SolutionProperties) = preSolution
		HideSolutionNode = FALSE
	EndGlobalSection
EndGlobal
