
Microsoft Visual Studio Solution File, Format Version 12.00
# Visual Studio Version 16
VisualStudioVersion = 16.0.30523.141
MinimumVisualStudioVersion = 10.0.40219.1
Project("{FAE04EC0-301F-11D3-BF4B-00C04F79EFBC}") = "Destructer", "Destructer\Destructer.csproj", "{0B0072B3-94A4-47B7-938E-F4EE91591FD5}"
EndProject
Project("{FAE04EC0-301F-11D3-BF4B-00C04F79EFBC}") = "StaticMethodAndField", "StaticMethodAndField\StaticMethodAndField.csproj", "{300D080B-9179-452B-9AF6-918D010EF116}"
EndProject
Project("{FAE04EC0-301F-11D3-BF4B-00C04F79EFBC}") = "ThisConstractor", "ThisConstractor\ThisConstractor.csproj", "{704939F7-4772-451E-8235-79821158240B}"
EndProject
Project("{2150E333-8FDC-42A3-9474-1A3956D46DE8}") = "HomeWork", "HomeWork", "{D8D601E6-706E-48FC-98C1-C13183824ECF}"
EndProject
Project("{FAE04EC0-301F-11D3-BF4B-00C04F79EFBC}") = "Exc_1", "Exc_1\Exc_1.csproj", "{1138371B-DF4A-4B07-9623-5EAD050E4B06}"
EndProject
Project("{FAE04EC0-301F-11D3-BF4B-00C04F79EFBC}") = "Exc_2", "Exc_2\Exc_2.csproj", "{91DA86BD-BCBF-4598-885E-4F752BECC591}"
EndProject
Project("{FAE04EC0-301F-11D3-BF4B-00C04F79EFBC}") = "Exc_3", "Exc_3\Exc_3.csproj", "{87F8D45E-EBD9-403A-82FD-39712AB01C8D}"
EndProject
Project("{FAE04EC0-301F-11D3-BF4B-00C04F79EFBC}") = "Exc_4", "Exc_4\Exc_4.csproj", "{3085DE98-A2DB-49A1-A5FC-8E60B505DEF9}"
EndProject
Project("{FAE04EC0-301F-11D3-BF4B-00C04F79EFBC}") = "Exc_5", "Exc_5\Exc_5.csproj", "{3B703A37-0D52-417B-BB00-834D44102D58}"
EndProject
Project("{FAE04EC0-301F-11D3-BF4B-00C04F79EFBC}") = "Exc_6", "Exc_6\Exc_6.csproj", "{77898B25-C14B-4A95-8B1C-5D54868C029C}"
EndProject
Project("{FAE04EC0-301F-11D3-BF4B-00C04F79EFBC}") = "Exc_7", "Exc_7\Exc_7.csproj", "{73AE6857-C5AC-4B55-AF53-366115D7509A}"
EndProject
Project("{FAE04EC0-301F-11D3-BF4B-00C04F79EFBC}") = "Exc_8", "Exc_8\Exc_8.csproj", "{D5CE1B15-EC28-41AB-BA6C-CAB5F5C2F9F4}"
EndProject
Project("{FAE04EC0-301F-11D3-BF4B-00C04F79EFBC}") = "Exc_9", "Exc_9\Exc_9.csproj", "{57A90E6B-7FC7-4A8C-8372-CCFDD046AD17}"
EndProject
Global
	GlobalSection(SolutionConfigurationPlatforms) = preSolution
		Debug|Any CPU = Debug|Any CPU
		Release|Any CPU = Release|Any CPU
	EndGlobalSection
	GlobalSection(ProjectConfigurationPlatforms) = postSolution
		{0B0072B3-94A4-47B7-938E-F4EE91591FD5}.Debug|Any CPU.ActiveCfg = Debug|Any CPU
		{0B0072B3-94A4-47B7-938E-F4EE91591FD5}.Debug|Any CPU.Build.0 = Debug|Any CPU
		{0B0072B3-94A4-47B7-938E-F4EE91591FD5}.Release|Any CPU.ActiveCfg = Release|Any CPU
		{0B0072B3-94A4-47B7-938E-F4EE91591FD5}.Release|Any CPU.Build.0 = Release|Any CPU
		{300D080B-9179-452B-9AF6-918D010EF116}.Debug|Any CPU.ActiveCfg = Debug|Any CPU
		{300D080B-9179-452B-9AF6-918D010EF116}.Debug|Any CPU.Build.0 = Debug|Any CPU
		{300D080B-9179-452B-9AF6-918D010EF116}.Release|Any CPU.ActiveCfg = Release|Any CPU
		{300D080B-9179-452B-9AF6-918D010EF116}.Release|Any CPU.Build.0 = Release|Any CPU
		{704939F7-4772-451E-8235-79821158240B}.Debug|Any CPU.ActiveCfg = Debug|Any CPU
		{704939F7-4772-451E-8235-79821158240B}.Debug|Any CPU.Build.0 = Debug|Any CPU
		{704939F7-4772-451E-8235-79821158240B}.Release|Any CPU.ActiveCfg = Release|Any CPU
		{704939F7-4772-451E-8235-79821158240B}.Release|Any CPU.Build.0 = Release|Any CPU
		{1138371B-DF4A-4B07-9623-5EAD050E4B06}.Debug|Any CPU.ActiveCfg = Debug|Any CPU
		{1138371B-DF4A-4B07-9623-5EAD050E4B06}.Debug|Any CPU.Build.0 = Debug|Any CPU
		{1138371B-DF4A-4B07-9623-5EAD050E4B06}.Release|Any CPU.ActiveCfg = Release|Any CPU
		{1138371B-DF4A-4B07-9623-5EAD050E4B06}.Release|Any CPU.Build.0 = Release|Any CPU
		{91DA86BD-BCBF-4598-885E-4F752BECC591}.Debug|Any CPU.ActiveCfg = Debug|Any CPU
		{91DA86BD-BCBF-4598-885E-4F752BECC591}.Debug|Any CPU.Build.0 = Debug|Any CPU
		{91DA86BD-BCBF-4598-885E-4F752BECC591}.Release|Any CPU.ActiveCfg = Release|Any CPU
		{91DA86BD-BCBF-4598-885E-4F752BECC591}.Release|Any CPU.Build.0 = Release|Any CPU
		{87F8D45E-EBD9-403A-82FD-39712AB01C8D}.Debug|Any CPU.ActiveCfg = Debug|Any CPU
		{87F8D45E-EBD9-403A-82FD-39712AB01C8D}.Debug|Any CPU.Build.0 = Debug|Any CPU
		{87F8D45E-EBD9-403A-82FD-39712AB01C8D}.Release|Any CPU.ActiveCfg = Release|Any CPU
		{87F8D45E-EBD9-403A-82FD-39712AB01C8D}.Release|Any CPU.Build.0 = Release|Any CPU
		{3085DE98-A2DB-49A1-A5FC-8E60B505DEF9}.Debug|Any CPU.ActiveCfg = Debug|Any CPU
		{3085DE98-A2DB-49A1-A5FC-8E60B505DEF9}.Debug|Any CPU.Build.0 = Debug|Any CPU
		{3085DE98-A2DB-49A1-A5FC-8E60B505DEF9}.Release|Any CPU.ActiveCfg = Release|Any CPU
		{3085DE98-A2DB-49A1-A5FC-8E60B505DEF9}.Release|Any CPU.Build.0 = Release|Any CPU
		{3B703A37-0D52-417B-BB00-834D44102D58}.Debug|Any CPU.ActiveCfg = Debug|Any CPU
		{3B703A37-0D52-417B-BB00-834D44102D58}.Debug|Any CPU.Build.0 = Debug|Any CPU
		{3B703A37-0D52-417B-BB00-834D44102D58}.Release|Any CPU.ActiveCfg = Release|Any CPU
		{3B703A37-0D52-417B-BB00-834D44102D58}.Release|Any CPU.Build.0 = Release|Any CPU
		{77898B25-C14B-4A95-8B1C-5D54868C029C}.Debug|Any CPU.ActiveCfg = Debug|Any CPU
		{77898B25-C14B-4A95-8B1C-5D54868C029C}.Debug|Any CPU.Build.0 = Debug|Any CPU
		{77898B25-C14B-4A95-8B1C-5D54868C029C}.Release|Any CPU.ActiveCfg = Release|Any CPU
		{77898B25-C14B-4A95-8B1C-5D54868C029C}.Release|Any CPU.Build.0 = Release|Any CPU
		{73AE6857-C5AC-4B55-AF53-366115D7509A}.Debug|Any CPU.ActiveCfg = Debug|Any CPU
		{73AE6857-C5AC-4B55-AF53-366115D7509A}.Debug|Any CPU.Build.0 = Debug|Any CPU
		{73AE6857-C5AC-4B55-AF53-366115D7509A}.Release|Any CPU.ActiveCfg = Release|Any CPU
		{73AE6857-C5AC-4B55-AF53-366115D7509A}.Release|Any CPU.Build.0 = Release|Any CPU
		{D5CE1B15-EC28-41AB-BA6C-CAB5F5C2F9F4}.Debug|Any CPU.ActiveCfg = Debug|Any CPU
		{D5CE1B15-EC28-41AB-BA6C-CAB5F5C2F9F4}.Debug|Any CPU.Build.0 = Debug|Any CPU
		{D5CE1B15-EC28-41AB-BA6C-CAB5F5C2F9F4}.Release|Any CPU.ActiveCfg = Release|Any CPU
		{D5CE1B15-EC28-41AB-BA6C-CAB5F5C2F9F4}.Release|Any CPU.Build.0 = Release|Any CPU
		{57A90E6B-7FC7-4A8C-8372-CCFDD046AD17}.Debug|Any CPU.ActiveCfg = Debug|Any CPU
		{57A90E6B-7FC7-4A8C-8372-CCFDD046AD17}.Debug|Any CPU.Build.0 = Debug|Any CPU
		{57A90E6B-7FC7-4A8C-8372-CCFDD046AD17}.Release|Any CPU.ActiveCfg = Release|Any CPU
		{57A90E6B-7FC7-4A8C-8372-CCFDD046AD17}.Release|Any CPU.Build.0 = Release|Any CPU
	EndGlobalSection
	GlobalSection(SolutionProperties) = preSolution
		HideSolutionNode = FALSE
	EndGlobalSection
	GlobalSection(NestedProjects) = preSolution
		{1138371B-DF4A-4B07-9623-5EAD050E4B06} = {D8D601E6-706E-48FC-98C1-C13183824ECF}
		{91DA86BD-BCBF-4598-885E-4F752BECC591} = {D8D601E6-706E-48FC-98C1-C13183824ECF}
		{87F8D45E-EBD9-403A-82FD-39712AB01C8D} = {D8D601E6-706E-48FC-98C1-C13183824ECF}
		{3085DE98-A2DB-49A1-A5FC-8E60B505DEF9} = {D8D601E6-706E-48FC-98C1-C13183824ECF}
		{3B703A37-0D52-417B-BB00-834D44102D58} = {D8D601E6-706E-48FC-98C1-C13183824ECF}
		{77898B25-C14B-4A95-8B1C-5D54868C029C} = {D8D601E6-706E-48FC-98C1-C13183824ECF}
		{73AE6857-C5AC-4B55-AF53-366115D7509A} = {D8D601E6-706E-48FC-98C1-C13183824ECF}
		{D5CE1B15-EC28-41AB-BA6C-CAB5F5C2F9F4} = {D8D601E6-706E-48FC-98C1-C13183824ECF}
		{57A90E6B-7FC7-4A8C-8372-CCFDD046AD17} = {D8D601E6-706E-48FC-98C1-C13183824ECF}
	EndGlobalSection
	GlobalSection(ExtensibilityGlobals) = postSolution
		SolutionGuid = {76C10FEA-FDA9-4E8D-98EA-AECCECF2759B}
	EndGlobalSection
EndGlobal
