
Microsoft Visual Studio Solution File, Format Version 10.00
# Visual C# Express 2008
Project("{FAE04EC0-301F-11D3-BF4B-00C04F79EFBC}") = "GraphIntroProject", "GraphIntroProject.csproj", "{A81F36BC-D8D6-4C2B-9553-8B674AC23C00}"
EndProject
Global
	GlobalSection(SolutionConfigurationPlatforms) = preSolution
		Debug|Any CPU = Debug|Any CPU
		Release|Any CPU = Release|Any CPU
	EndGlobalSection
	GlobalSection(ProjectConfigurationPlatforms) = postSolution
		{A81F36BC-D8D6-4C2B-9553-8B674AC23C00}.Debug|Any CPU.ActiveCfg = Debug|Any CPU
		{A81F36BC-D8D6-4C2B-9553-8B674AC23C00}.Debug|Any CPU.Build.0 = Debug|Any CPU
		{A81F36BC-D8D6-4C2B-9553-8B674AC23C00}.Release|Any CPU.ActiveCfg = Release|Any CPU
		{A81F36BC-D8D6-4C2B-9553-8B674AC23C00}.Release|Any CPU.Build.0 = Release|Any CPU
	EndGlobalSection
	GlobalSection(SolutionProperties) = preSolution
		HideSolutionNode = FALSE
	EndGlobalSection
EndGlobal
