
Microsoft Visual Studio Solution File, Format Version 12.00
# Visual Studio Version 16
VisualStudioVersion = 16.0.30804.86
MinimumVisualStudioVersion = 10.0.40219.1
Project("{9A19103F-16F7-4668-BE54-9A1E7A4F7556}") = "Overloading_Logic_Operators", "Overloading_Logic_Operators\Overloading_Logic_Operators.csproj", "{A9F3D5C7-1DE0-4259-BB96-303EAD56CACB}"
EndProject
Project("{2150E333-8FDC-42A3-9474-1A3956D46DE8}") = "HomeWork", "HomeWork", "{962D00DF-CB03-4A8A-8E77-6F397B31BFAB}"
EndProject
Project("{9A19103F-16F7-4668-BE54-9A1E7A4F7556}") = "Exc_1", "Exc_1\Exc_1.csproj", "{2441DE59-0E9C-42F7-9F9C-B32CB2C4F987}"
EndProject
Project("{9A19103F-16F7-4668-BE54-9A1E7A4F7556}") = "exc_2", "exc_2\exc_2.csproj", "{F22788B8-4A43-4EEC-8139-116385ACE42C}"
EndProject
Project("{9A19103F-16F7-4668-BE54-9A1E7A4F7556}") = "Exc_3", "Exc_3\Exc_3.csproj", "{E632AB11-5813-4CE0-AE0C-2C792E15068E}"
EndProject
Project("{9A19103F-16F7-4668-BE54-9A1E7A4F7556}") = "Exc_4", "Exc_4\Exc_4.csproj", "{196A2DD7-9F77-4CC9-8EC3-0E188ACEECFC}"
EndProject
Project("{FAE04EC0-301F-11D3-BF4B-00C04F79EFBC}") = "Exc_5", "Exc_5\Exc_5.csproj", "{F84709D0-B3F0-4593-8F8B-5341C95DA319}"
EndProject
Project("{FAE04EC0-301F-11D3-BF4B-00C04F79EFBC}") = "Exc_6", "Exc_6\Exc_6.csproj", "{61082991-0513-4475-9E0E-30BDE80C4C7E}"
EndProject
Global
	GlobalSection(SolutionConfigurationPlatforms) = preSolution
		Debug|Any CPU = Debug|Any CPU
		Release|Any CPU = Release|Any CPU
	EndGlobalSection
	GlobalSection(ProjectConfigurationPlatforms) = postSolution
		{A9F3D5C7-1DE0-4259-BB96-303EAD56CACB}.Debug|Any CPU.ActiveCfg = Debug|Any CPU
		{A9F3D5C7-1DE0-4259-BB96-303EAD56CACB}.Debug|Any CPU.Build.0 = Debug|Any CPU
		{A9F3D5C7-1DE0-4259-BB96-303EAD56CACB}.Release|Any CPU.ActiveCfg = Release|Any CPU
		{A9F3D5C7-1DE0-4259-BB96-303EAD56CACB}.Release|Any CPU.Build.0 = Release|Any CPU
		{2441DE59-0E9C-42F7-9F9C-B32CB2C4F987}.Debug|Any CPU.ActiveCfg = Debug|Any CPU
		{2441DE59-0E9C-42F7-9F9C-B32CB2C4F987}.Debug|Any CPU.Build.0 = Debug|Any CPU
		{2441DE59-0E9C-42F7-9F9C-B32CB2C4F987}.Release|Any CPU.ActiveCfg = Release|Any CPU
		{2441DE59-0E9C-42F7-9F9C-B32CB2C4F987}.Release|Any CPU.Build.0 = Release|Any CPU
		{F22788B8-4A43-4EEC-8139-116385ACE42C}.Debug|Any CPU.ActiveCfg = Debug|Any CPU
		{F22788B8-4A43-4EEC-8139-116385ACE42C}.Debug|Any CPU.Build.0 = Debug|Any CPU
		{F22788B8-4A43-4EEC-8139-116385ACE42C}.Release|Any CPU.ActiveCfg = Release|Any CPU
		{F22788B8-4A43-4EEC-8139-116385ACE42C}.Release|Any CPU.Build.0 = Release|Any CPU
		{E632AB11-5813-4CE0-AE0C-2C792E15068E}.Debug|Any CPU.ActiveCfg = Debug|Any CPU
		{E632AB11-5813-4CE0-AE0C-2C792E15068E}.Debug|Any CPU.Build.0 = Debug|Any CPU
		{E632AB11-5813-4CE0-AE0C-2C792E15068E}.Release|Any CPU.ActiveCfg = Release|Any CPU
		{E632AB11-5813-4CE0-AE0C-2C792E15068E}.Release|Any CPU.Build.0 = Release|Any CPU
		{196A2DD7-9F77-4CC9-8EC3-0E188ACEECFC}.Debug|Any CPU.ActiveCfg = Debug|Any CPU
		{196A2DD7-9F77-4CC9-8EC3-0E188ACEECFC}.Debug|Any CPU.Build.0 = Debug|Any CPU
		{196A2DD7-9F77-4CC9-8EC3-0E188ACEECFC}.Release|Any CPU.ActiveCfg = Release|Any CPU
		{196A2DD7-9F77-4CC9-8EC3-0E188ACEECFC}.Release|Any CPU.Build.0 = Release|Any CPU
		{F84709D0-B3F0-4593-8F8B-5341C95DA319}.Debug|Any CPU.ActiveCfg = Debug|Any CPU
		{F84709D0-B3F0-4593-8F8B-5341C95DA319}.Debug|Any CPU.Build.0 = Debug|Any CPU
		{F84709D0-B3F0-4593-8F8B-5341C95DA319}.Release|Any CPU.ActiveCfg = Release|Any CPU
		{F84709D0-B3F0-4593-8F8B-5341C95DA319}.Release|Any CPU.Build.0 = Release|Any CPU
		{61082991-0513-4475-9E0E-30BDE80C4C7E}.Debug|Any CPU.ActiveCfg = Debug|Any CPU
		{61082991-0513-4475-9E0E-30BDE80C4C7E}.Debug|Any CPU.Build.0 = Debug|Any CPU
		{61082991-0513-4475-9E0E-30BDE80C4C7E}.Release|Any CPU.ActiveCfg = Release|Any CPU
		{61082991-0513-4475-9E0E-30BDE80C4C7E}.Release|Any CPU.Build.0 = Release|Any CPU
	EndGlobalSection
	GlobalSection(SolutionProperties) = preSolution
		HideSolutionNode = FALSE
	EndGlobalSection
	GlobalSection(NestedProjects) = preSolution
		{2441DE59-0E9C-42F7-9F9C-B32CB2C4F987} = {962D00DF-CB03-4A8A-8E77-6F397B31BFAB}
		{F22788B8-4A43-4EEC-8139-116385ACE42C} = {962D00DF-CB03-4A8A-8E77-6F397B31BFAB}
		{E632AB11-5813-4CE0-AE0C-2C792E15068E} = {962D00DF-CB03-4A8A-8E77-6F397B31BFAB}
		{196A2DD7-9F77-4CC9-8EC3-0E188ACEECFC} = {962D00DF-CB03-4A8A-8E77-6F397B31BFAB}
		{F84709D0-B3F0-4593-8F8B-5341C95DA319} = {962D00DF-CB03-4A8A-8E77-6F397B31BFAB}
		{61082991-0513-4475-9E0E-30BDE80C4C7E} = {962D00DF-CB03-4A8A-8E77-6F397B31BFAB}
	EndGlobalSection
	GlobalSection(ExtensibilityGlobals) = postSolution
		SolutionGuid = {7CBB850D-55D6-4991-8163-955D1F262D25}
	EndGlobalSection
EndGlobal
