
Microsoft Visual Studio Solution File, Format Version 10.00
# Visual Studio 2008
Project("{FAE04EC0-301F-11D3-BF4B-00C04F79EFBC}") = "ShortIf", "ShortIf.csproj", "{F87212A0-E55E-494F-8DFF-1C5BD2081662}"
EndProject
Global
	GlobalSection(SolutionConfigurationPlatforms) = preSolution
		Debug|Any CPU = Debug|Any CPU
		Release|Any CPU = Release|Any CPU
	EndGlobalSection
	GlobalSection(ProjectConfigurationPlatforms) = postSolution
		{F87212A0-E55E-494F-8DFF-1C5BD2081662}.Debug|Any CPU.ActiveCfg = Debug|Any CPU
		{F87212A0-E55E-494F-8DFF-1C5BD2081662}.Debug|Any CPU.Build.0 = Debug|Any CPU
		{F87212A0-E55E-494F-8DFF-1C5BD2081662}.Release|Any CPU.ActiveCfg = Release|Any CPU
		{F87212A0-E55E-494F-8DFF-1C5BD2081662}.Release|Any CPU.Build.0 = Release|Any CPU
	EndGlobalSection
	GlobalSection(SolutionProperties) = preSolution
		HideSolutionNode = FALSE
	EndGlobalSection
EndGlobal
