
Microsoft Visual Studio Solution File, Format Version 10.00
# Visual C# Express 2008
Project("{FAE04EC0-301F-11D3-BF4B-00C04F79EFBC}") = "EnumsExample", "EnumsExample.csproj", "{A84EE8FE-1843-4778-870D-79FF75C6E37E}"
EndProject
Global
	GlobalSection(SolutionConfigurationPlatforms) = preSolution
		Debug|Any CPU = Debug|Any CPU
		Release|Any CPU = Release|Any CPU
	EndGlobalSection
	GlobalSection(ProjectConfigurationPlatforms) = postSolution
		{A84EE8FE-1843-4778-870D-79FF75C6E37E}.Debug|Any CPU.ActiveCfg = Debug|Any CPU
		{A84EE8FE-1843-4778-870D-79FF75C6E37E}.Debug|Any CPU.Build.0 = Debug|Any CPU
		{A84EE8FE-1843-4778-870D-79FF75C6E37E}.Release|Any CPU.ActiveCfg = Release|Any CPU
		{A84EE8FE-1843-4778-870D-79FF75C6E37E}.Release|Any CPU.Build.0 = Release|Any CPU
	EndGlobalSection
	GlobalSection(SolutionProperties) = preSolution
		HideSolutionNode = FALSE
	EndGlobalSection
EndGlobal
