Microsoft Visual Studio Solution File, Format Version 8.00
Project("{FAE04EC0-301F-11D3-BF4B-00C04F79EFBC}") = "WindowsApplication1", "WindowsApplication1.csproj", "{3C52A321-F316-4A44-BC44-FBD33BD84A5D}"
	ProjectSection(ProjectDependencies) = postProject
	EndProjectSection
EndProject
Global
	GlobalSection(SolutionConfiguration) = preSolution
		Debug = Debug
		Release = Release
	EndGlobalSection
	GlobalSection(ProjectConfiguration) = postSolution
		{3C52A321-F316-4A44-BC44-FBD33BD84A5D}.Debug.ActiveCfg = Debug|.NET
		{3C52A321-F316-4A44-BC44-FBD33BD84A5D}.Debug.Build.0 = Debug|.NET
		{3C52A321-F316-4A44-BC44-FBD33BD84A5D}.Release.ActiveCfg = Release|.NET
		{3C52A321-F316-4A44-BC44-FBD33BD84A5D}.Release.Build.0 = Release|.NET
	EndGlobalSection
	GlobalSection(ExtensibilityGlobals) = postSolution
	EndGlobalSection
	GlobalSection(ExtensibilityAddIns) = postSolution
	EndGlobalSection
EndGlobal
