
Microsoft Visual Studio Solution File, Format Version 10.00
# Visual C# Express 2008
Project("{FAE04EC0-301F-11D3-BF4B-00C04F79EFBC}") = "GeneralRemotePrj", "GeneralRemotePrj.csproj", "{AFF2476E-1F0E-467C-8479-4FF927708662}"
EndProject
Global
	GlobalSection(SolutionConfigurationPlatforms) = preSolution
		Debug|Any CPU = Debug|Any CPU
		Release|Any CPU = Release|Any CPU
	EndGlobalSection
	GlobalSection(ProjectConfigurationPlatforms) = postSolution
		{AFF2476E-1F0E-467C-8479-4FF927708662}.Debug|Any CPU.ActiveCfg = Debug|Any CPU
		{AFF2476E-1F0E-467C-8479-4FF927708662}.Debug|Any CPU.Build.0 = Debug|Any CPU
		{AFF2476E-1F0E-467C-8479-4FF927708662}.Release|Any CPU.ActiveCfg = Release|Any CPU
		{AFF2476E-1F0E-467C-8479-4FF927708662}.Release|Any CPU.Build.0 = Release|Any CPU
	EndGlobalSection
	GlobalSection(SolutionProperties) = preSolution
		HideSolutionNode = FALSE
	EndGlobalSection
EndGlobal
