
Microsoft Visual Studio Solution File, Format Version 10.00
# Visual C# Express 2008
Project("{FAE04EC0-301F-11D3-BF4B-00C04F79EFBC}") = "StringProject", "StringProject.csproj", "{B8451265-6F89-4B55-BE72-0EC047AB20BC}"
EndProject
Global
	GlobalSection(SolutionConfigurationPlatforms) = preSolution
		Debug|Any CPU = Debug|Any CPU
		Release|Any CPU = Release|Any CPU
	EndGlobalSection
	GlobalSection(ProjectConfigurationPlatforms) = postSolution
		{B8451265-6F89-4B55-BE72-0EC047AB20BC}.Debug|Any CPU.ActiveCfg = Debug|Any CPU
		{B8451265-6F89-4B55-BE72-0EC047AB20BC}.Debug|Any CPU.Build.0 = Debug|Any CPU
		{B8451265-6F89-4B55-BE72-0EC047AB20BC}.Release|Any CPU.ActiveCfg = Release|Any CPU
		{B8451265-6F89-4B55-BE72-0EC047AB20BC}.Release|Any CPU.Build.0 = Release|Any CPU
	EndGlobalSection
	GlobalSection(SolutionProperties) = preSolution
		HideSolutionNode = FALSE
	EndGlobalSection
EndGlobal
