
Microsoft Visual Studio Solution File, Format Version 11.00
# Visual Studio 2010
Project("{FAE04EC0-301F-11D3-BF4B-00C04F79EFBC}") = "StructExample", "StructExample.csproj", "{5ABB63EE-A5B2-4134-8393-1ECF93CBABBB}"
EndProject
Global
	GlobalSection(SolutionConfigurationPlatforms) = preSolution
		Debug|Any CPU = Debug|Any CPU
		Release|Any CPU = Release|Any CPU
	EndGlobalSection
	GlobalSection(ProjectConfigurationPlatforms) = postSolution
		{5ABB63EE-A5B2-4134-8393-1ECF93CBABBB}.Debug|Any CPU.ActiveCfg = Debug|Any CPU
		{5ABB63EE-A5B2-4134-8393-1ECF93CBABBB}.Debug|Any CPU.Build.0 = Debug|Any CPU
		{5ABB63EE-A5B2-4134-8393-1ECF93CBABBB}.Release|Any CPU.ActiveCfg = Release|Any CPU
		{5ABB63EE-A5B2-4134-8393-1ECF93CBABBB}.Release|Any CPU.Build.0 = Release|Any CPU
	EndGlobalSection
	GlobalSection(SolutionProperties) = preSolution
		HideSolutionNode = FALSE
	EndGlobalSection
EndGlobal
