
Microsoft Visual Studio Solution File, Format Version 10.00
# Visual C# Express 2008
Project("{FAE04EC0-301F-11D3-BF4B-00C04F79EFBC}") = "HiddenOverflow", "HiddenOverflow.csproj", "{6EBC2B47-8DCF-461F-BDC4-5BCB1B51EADD}"
EndProject
Global
	GlobalSection(SolutionConfigurationPlatforms) = preSolution
		Debug|Any CPU = Debug|Any CPU
		Release|Any CPU = Release|Any CPU
	EndGlobalSection
	GlobalSection(ProjectConfigurationPlatforms) = postSolution
		{6EBC2B47-8DCF-461F-BDC4-5BCB1B51EADD}.Debug|Any CPU.ActiveCfg = Debug|Any CPU
		{6EBC2B47-8DCF-461F-BDC4-5BCB1B51EADD}.Debug|Any CPU.Build.0 = Debug|Any CPU
		{6EBC2B47-8DCF-461F-BDC4-5BCB1B51EADD}.Release|Any CPU.ActiveCfg = Release|Any CPU
		{6EBC2B47-8DCF-461F-BDC4-5BCB1B51EADD}.Release|Any CPU.Build.0 = Release|Any CPU
	EndGlobalSection
	GlobalSection(SolutionProperties) = preSolution
		HideSolutionNode = FALSE
	EndGlobalSection
EndGlobal
